
Microsoft Visual Studio Solution File, Format Version 12.00
# Visual Studio Version 16
VisualStudioVersion = 25.0.1703.7
MinimumVisualStudioVersion = 10.0.40219.1
Project("{FAE04EC0-301F-11D3-BF4B-00C04F79EFBC}") = "ProductMicroservice", "ProductMicroservice\ProductMicroservice.csproj", "{FD87EA8B-1EA3-4E3C-B54E-8A1275C6133D}"
EndProject
Global
	GlobalSection(SolutionConfigurationPlatforms) = preSolution
		Debug|Any CPU = Debug|Any CPU
		Release|Any CPU = Release|Any CPU
	EndGlobalSection
	GlobalSection(ProjectConfigurationPlatforms) = postSolution
		{FD87EA8B-1EA3-4E3C-B54E-8A1275C6133D}.Debug|Any CPU.ActiveCfg = Debug|Any CPU
		{FD87EA8B-1EA3-4E3C-B54E-8A1275C6133D}.Debug|Any CPU.Build.0 = Debug|Any CPU
		{FD87EA8B-1EA3-4E3C-B54E-8A1275C6133D}.Release|Any CPU.ActiveCfg = Release|Any CPU
		{FD87EA8B-1EA3-4E3C-B54E-8A1275C6133D}.Release|Any CPU.Build.0 = Release|Any CPU
	EndGlobalSection
	GlobalSection(SolutionProperties) = preSolution
		HideSolutionNode = FALSE
	EndGlobalSection
	GlobalSection(ExtensibilityGlobals) = postSolution
		SolutionGuid = {E3F43CEC-9246-4168-B928-CF903E652C65}
	EndGlobalSection
EndGlobal
